
Microsoft Visual Studio Solution File, Format Version 12.00
# Visual Studio Version 17
VisualStudioVersion = 17.3.32804.467
MinimumVisualStudioVersion = 10.0.40219.1
Project("{9A19103F-16F7-4668-BE54-9A1E7A4F7556}") = "WebAppDETAug2022", "WebAppDETAug2022\WebAppDETAug2022.csproj", "{5A2EA06C-044D-468A-AFBE-AB3A4CDA6E89}"
EndProject
Project("{9A19103F-16F7-4668-BE54-9A1E7A4F7556}") = "MVCDemo", "MVCDemo\MVCDemo.csproj", "{3E58179B-D24A-4D46-962C-D36B77B75E6E}"
EndProject
Project("{9A19103F-16F7-4668-BE54-9A1E7A4F7556}") = "APIDemo", "APIDemo\APIDemo.csproj", "{962B1929-D355-4839-BA22-86EE906A4C4B}"
EndProject
Project("{9A19103F-16F7-4668-BE54-9A1E7A4F7556}") = "ODataDemo", "ODataDemo\ODataDemo.csproj", "{65C842B7-1033-408E-987C-E3D83FA4C7EE}"
EndProject
Project("{9A19103F-16F7-4668-BE54-9A1E7A4F7556}") = "ToDoApiDemo1", "ToDoApiDemo1\ToDoApiDemo1.csproj", "{15186B8C-F77D-49EA-BAA2-682AD5E21235}"
EndProject
Project("{9A19103F-16F7-4668-BE54-9A1E7A4F7556}") = "Bank", "Bank\Bank.csproj", "{C0B3A782-AC35-4B88-AA26-E15D531E92EA}"
EndProject
Project("{9A19103F-16F7-4668-BE54-9A1E7A4F7556}") = "BankTests", "BankTests\BankTests.csproj", "{48BB992D-C70D-434C-AF5C-E0A28E4D9513}"
EndProject
Project("{FAE04EC0-301F-11D3-BF4B-00C04F79EFBC}") = "MyFirstUnitTestss", "MyFirstUnitTestss\MyFirstUnitTestss.csproj", "{14511109-60C0-4475-A81D-820C089B4262}"
EndProject
Project("{FAE04EC0-301F-11D3-BF4B-00C04F79EFBC}") = "TestProject_ClassLibPizza", "TestProject_ClassLibPizza\TestProject_ClassLibPizza.csproj", "{EDF79EB6-C7AA-48C6-8269-78C667DFDF50}"
EndProject
Global
	GlobalSection(SolutionConfigurationPlatforms) = preSolution
		Debug|Any CPU = Debug|Any CPU
		Release|Any CPU = Release|Any CPU
	EndGlobalSection
	GlobalSection(ProjectConfigurationPlatforms) = postSolution
		{5A2EA06C-044D-468A-AFBE-AB3A4CDA6E89}.Debug|Any CPU.ActiveCfg = Debug|Any CPU
		{5A2EA06C-044D-468A-AFBE-AB3A4CDA6E89}.Debug|Any CPU.Build.0 = Debug|Any CPU
		{5A2EA06C-044D-468A-AFBE-AB3A4CDA6E89}.Release|Any CPU.ActiveCfg = Release|Any CPU
		{5A2EA06C-044D-468A-AFBE-AB3A4CDA6E89}.Release|Any CPU.Build.0 = Release|Any CPU
		{3E58179B-D24A-4D46-962C-D36B77B75E6E}.Debug|Any CPU.ActiveCfg = Debug|Any CPU
		{3E58179B-D24A-4D46-962C-D36B77B75E6E}.Debug|Any CPU.Build.0 = Debug|Any CPU
		{3E58179B-D24A-4D46-962C-D36B77B75E6E}.Release|Any CPU.ActiveCfg = Release|Any CPU
		{3E58179B-D24A-4D46-962C-D36B77B75E6E}.Release|Any CPU.Build.0 = Release|Any CPU
		{962B1929-D355-4839-BA22-86EE906A4C4B}.Debug|Any CPU.ActiveCfg = Debug|Any CPU
		{962B1929-D355-4839-BA22-86EE906A4C4B}.Debug|Any CPU.Build.0 = Debug|Any CPU
		{962B1929-D355-4839-BA22-86EE906A4C4B}.Release|Any CPU.ActiveCfg = Release|Any CPU
		{962B1929-D355-4839-BA22-86EE906A4C4B}.Release|Any CPU.Build.0 = Release|Any CPU
		{65C842B7-1033-408E-987C-E3D83FA4C7EE}.Debug|Any CPU.ActiveCfg = Debug|Any CPU
		{65C842B7-1033-408E-987C-E3D83FA4C7EE}.Debug|Any CPU.Build.0 = Debug|Any CPU
		{65C842B7-1033-408E-987C-E3D83FA4C7EE}.Release|Any CPU.ActiveCfg = Release|Any CPU
		{65C842B7-1033-408E-987C-E3D83FA4C7EE}.Release|Any CPU.Build.0 = Release|Any CPU
		{15186B8C-F77D-49EA-BAA2-682AD5E21235}.Debug|Any CPU.ActiveCfg = Debug|Any CPU
		{15186B8C-F77D-49EA-BAA2-682AD5E21235}.Debug|Any CPU.Build.0 = Debug|Any CPU
		{15186B8C-F77D-49EA-BAA2-682AD5E21235}.Release|Any CPU.ActiveCfg = Release|Any CPU
		{15186B8C-F77D-49EA-BAA2-682AD5E21235}.Release|Any CPU.Build.0 = Release|Any CPU
		{C0B3A782-AC35-4B88-AA26-E15D531E92EA}.Debug|Any CPU.ActiveCfg = Debug|Any CPU
		{C0B3A782-AC35-4B88-AA26-E15D531E92EA}.Debug|Any CPU.Build.0 = Debug|Any CPU
		{C0B3A782-AC35-4B88-AA26-E15D531E92EA}.Release|Any CPU.ActiveCfg = Release|Any CPU
		{C0B3A782-AC35-4B88-AA26-E15D531E92EA}.Release|Any CPU.Build.0 = Release|Any CPU
		{48BB992D-C70D-434C-AF5C-E0A28E4D9513}.Debug|Any CPU.ActiveCfg = Debug|Any CPU
		{48BB992D-C70D-434C-AF5C-E0A28E4D9513}.Debug|Any CPU.Build.0 = Debug|Any CPU
		{48BB992D-C70D-434C-AF5C-E0A28E4D9513}.Release|Any CPU.ActiveCfg = Release|Any CPU
		{48BB992D-C70D-434C-AF5C-E0A28E4D9513}.Release|Any CPU.Build.0 = Release|Any CPU
		{14511109-60C0-4475-A81D-820C089B4262}.Debug|Any CPU.ActiveCfg = Debug|Any CPU
		{14511109-60C0-4475-A81D-820C089B4262}.Debug|Any CPU.Build.0 = Debug|Any CPU
		{14511109-60C0-4475-A81D-820C089B4262}.Release|Any CPU.ActiveCfg = Release|Any CPU
		{14511109-60C0-4475-A81D-820C089B4262}.Release|Any CPU.Build.0 = Release|Any CPU
		{EDF79EB6-C7AA-48C6-8269-78C667DFDF50}.Debug|Any CPU.ActiveCfg = Debug|Any CPU
		{EDF79EB6-C7AA-48C6-8269-78C667DFDF50}.Debug|Any CPU.Build.0 = Debug|Any CPU
		{EDF79EB6-C7AA-48C6-8269-78C667DFDF50}.Release|Any CPU.ActiveCfg = Release|Any CPU
		{EDF79EB6-C7AA-48C6-8269-78C667DFDF50}.Release|Any CPU.Build.0 = Release|Any CPU
	EndGlobalSection
	GlobalSection(SolutionProperties) = preSolution
		HideSolutionNode = FALSE
	EndGlobalSection
	GlobalSection(ExtensibilityGlobals) = postSolution
		SolutionGuid = {C84C7F98-4E1B-4EE6-914C-B7F98EF7E834}
	EndGlobalSection
EndGlobal
